
Microsoft Visual Studio Solution File, Format Version 12.00
# Visual Studio Version 16
VisualStudioVersion = 16.0.30503.244
MinimumVisualStudioVersion = 10.0.40219.1
Project("{FAE04EC0-301F-11D3-BF4B-00C04F79EFBC}") = "Численные методы 4 задание - итеарционные методы", "Численные методы 4 задание - итеарционные методы\Численные методы 4 задание - итеарционные методы.csproj", "{025CAAAA-06BA-42F8-BD8E-5F138E82253B}"
EndProject
Global
	GlobalSection(SolutionConfigurationPlatforms) = preSolution
		Debug|Any CPU = Debug|Any CPU
		Release|Any CPU = Release|Any CPU
	EndGlobalSection
	GlobalSection(ProjectConfigurationPlatforms) = postSolution
		{025CAAAA-06BA-42F8-BD8E-5F138E82253B}.Debug|Any CPU.ActiveCfg = Debug|Any CPU
		{025CAAAA-06BA-42F8-BD8E-5F138E82253B}.Debug|Any CPU.Build.0 = Debug|Any CPU
		{025CAAAA-06BA-42F8-BD8E-5F138E82253B}.Release|Any CPU.ActiveCfg = Release|Any CPU
		{025CAAAA-06BA-42F8-BD8E-5F138E82253B}.Release|Any CPU.Build.0 = Release|Any CPU
	EndGlobalSection
	GlobalSection(SolutionProperties) = preSolution
		HideSolutionNode = FALSE
	EndGlobalSection
	GlobalSection(ExtensibilityGlobals) = postSolution
		SolutionGuid = {FCDF47E3-48F3-4714-95F1-11993B3FC7A3}
	EndGlobalSection
EndGlobal
